// !$*UTF8*$!
{
	archiveVersion = 1;
	classes = {
	};
	objectVersion = 45;
	objects = {

/* Begin PBXBuildFile section */
		182D63B00F6C23A700BF1C24 /* CoreGraphics.framework in Frameworks */ = {isa = PBXBuildFile; fileRef = 182D63AF0F6C23A700BF1C24 /* CoreGraphics.framework */; };
		1D3623260D0F684500981E51 /* OGLGameAppDelegate.mm in Sources */ = {isa = PBXBuildFile; fileRef = 1D3623250D0F684500981E51 /* OGLGameAppDelegate.mm */; };
		1D60589B0D05DD56006BFB54 /* main.m in Sources */ = {isa = PBXBuildFile; fileRef = 29B97316FDCFA39411CA2CEA /* main.m */; };
		1D60589F0D05DD5A006BFB54 /* Foundation.framework in Frameworks */ = {isa = PBXBuildFile; fileRef = 1D30AB110D05D00D00671497 /* Foundation.framework */; };
		1DF5F4E00D08C38300B7A737 /* UIKit.framework in Frameworks */ = {isa = PBXBuildFile; fileRef = 1DF5F4DF0D08C38300B7A737 /* UIKit.framework */; };
		28AD733F0D9D9553002E5188 /* MainWindow.xib in Resources */ = {isa = PBXBuildFile; fileRef = 28AD733E0D9D9553002E5188 /* MainWindow.xib */; };
		28FD14FE0DC6FC130079059D /* EAGLView.mm in Sources */ = {isa = PBXBuildFile; fileRef = 28FD14FD0DC6FC130079059D /* EAGLView.mm */; };
		28FD15000DC6FC520079059D /* OpenGLES.framework in Frameworks */ = {isa = PBXBuildFile; fileRef = 28FD14FF0DC6FC520079059D /* OpenGLES.framework */; };
		28FD15080DC6FC5B0079059D /* QuartzCore.framework in Frameworks */ = {isa = PBXBuildFile; fileRef = 28FD15070DC6FC5B0079059D /* QuartzCore.framework */; };
		E900A8F91211E96700B0F29C /* floortilemap.png in Resources */ = {isa = PBXBuildFile; fileRef = E900A8F81211E96700B0F29C /* floortilemap.png */; };
		E901696D13538EEB003F1CFB /* actions.png in Resources */ = {isa = PBXBuildFile; fileRef = E901696C13538EEB003F1CFB /* actions.png */; };
		E90BFD6C121879BC00C83749 /* texmap_hex.png in Resources */ = {isa = PBXBuildFile; fileRef = E90BFD6B121879BC00C83749 /* texmap_hex.png */; };
		E910DFD71226E89E008354C2 /* UnitModel.mm in Sources */ = {isa = PBXBuildFile; fileRef = E910DFD61226E89E008354C2 /* UnitModel.mm */; };
		E953B2BE11710FEA00E38438 /* hero1.pvr in Resources */ = {isa = PBXBuildFile; fileRef = E953B2BD11710FEA00E38438 /* hero1.pvr */; };
		E953B38E1171445C00E38438 /* Texture2D.m in Sources */ = {isa = PBXBuildFile; fileRef = E953B38D1171445C00E38438 /* Texture2D.m */; };
		E953B3901171446D00E38438 /* hero1.png in Resources */ = {isa = PBXBuildFile; fileRef = E953B38F1171446D00E38438 /* hero1.png */; };
		E954061D1183996600CE3914 /* GameImage.mm in Sources */ = {isa = PBXBuildFile; fileRef = E954061C1183996600CE3914 /* GameImage.mm */; };
		E954061F1183997100CE3914 /* TextureMap.mm in Sources */ = {isa = PBXBuildFile; fileRef = E954061E1183997100CE3914 /* TextureMap.mm */; };
		E954062C1183A77D00CE3914 /* RobotModel.mm in Sources */ = {isa = PBXBuildFile; fileRef = E954062B1183A77D00CE3914 /* RobotModel.mm */; };
		E98DE6581218679D0069CCBB /* HexMap.mm in Sources */ = {isa = PBXBuildFile; fileRef = E98DE6571218679D0069CCBB /* HexMap.mm */; };
		E991067D115546A80038ABD7 /* InputManager.mm in Sources */ = {isa = PBXBuildFile; fileRef = E991067C115546A80038ABD7 /* InputManager.mm */; };
		E9B5587A1359B3BA00E35F6E /* CentralControl.mm in Sources */ = {isa = PBXBuildFile; fileRef = E9B558791359B3BA00E35F6E /* CentralControl.mm */; };
		E9BD7FB0122AE27B0018A981 /* RobotView.mm in Sources */ = {isa = PBXBuildFile; fileRef = E9BD7FAF122AE27B0018A981 /* RobotView.mm */; };
		E9C92F1713521673008CFBB2 /* TextureCatalog.mm in Sources */ = {isa = PBXBuildFile; fileRef = E9C92F1613521673008CFBB2 /* TextureCatalog.mm */; };
		E9F5BAB813510596008B6357 /* UnitView.mm in Sources */ = {isa = PBXBuildFile; fileRef = E9F5BAB713510596008B6357 /* UnitView.mm */; };
		E9F5BB1113511243008B6357 /* geometry.mm in Sources */ = {isa = PBXBuildFile; fileRef = E9F5BB1013511243008B6357 /* geometry.mm */; };
		E9F5BB61135121BF008B6357 /* Action.mm in Sources */ = {isa = PBXBuildFile; fileRef = E9F5BB60135121BF008B6357 /* Action.mm */; };
		F7557ED51183816D00213A0E /* toolkit.mm in Sources */ = {isa = PBXBuildFile; fileRef = F7557ED41183816D00213A0E /* toolkit.mm */; };
		F7557FB211838E9100213A0E /* toolkit_iphone.mm in Sources */ = {isa = PBXBuildFile; fileRef = F7557FB011838E9100213A0E /* toolkit_iphone.mm */; };
		F760F5AA11725F2B00688A01 /* texmap.png in Resources */ = {isa = PBXBuildFile; fileRef = F760F5A911725F2B00688A01 /* texmap.png */; };
		F7CC8A72117A1E4A00831B04 /* TileMap.mm in Sources */ = {isa = PBXBuildFile; fileRef = F7CC8A71117A1E4A00831B04 /* TileMap.mm */; };
/* End PBXBuildFile section */

/* Begin PBXFileReference section */
		182D63AF0F6C23A700BF1C24 /* CoreGraphics.framework */ = {isa = PBXFileReference; lastKnownFileType = wrapper.framework; name = CoreGraphics.framework; path = System/Library/Frameworks/CoreGraphics.framework; sourceTree = SDKROOT; };
		1D30AB110D05D00D00671497 /* Foundation.framework */ = {isa = PBXFileReference; lastKnownFileType = wrapper.framework; name = Foundation.framework; path = System/Library/Frameworks/Foundation.framework; sourceTree = SDKROOT; };
		1D3623240D0F684500981E51 /* OGLGameAppDelegate.h */ = {isa = PBXFileReference; fileEncoding = 4; lastKnownFileType = sourcecode.c.h; path = OGLGameAppDelegate.h; sourceTree = "<group>"; };
		1D3623250D0F684500981E51 /* OGLGameAppDelegate.mm */ = {isa = PBXFileReference; fileEncoding = 4; lastKnownFileType = sourcecode.cpp.objcpp; path = OGLGameAppDelegate.mm; sourceTree = "<group>"; };
		1D6058910D05DD3D006BFB54 /* hex-game.app */ = {isa = PBXFileReference; explicitFileType = wrapper.application; includeInIndex = 0; path = "hex-game.app"; sourceTree = BUILT_PRODUCTS_DIR; };
		1DF5F4DF0D08C38300B7A737 /* UIKit.framework */ = {isa = PBXFileReference; lastKnownFileType = wrapper.framework; name = UIKit.framework; path = System/Library/Frameworks/UIKit.framework; sourceTree = SDKROOT; };
		28AD733E0D9D9553002E5188 /* MainWindow.xib */ = {isa = PBXFileReference; lastKnownFileType = file.xib; path = MainWindow.xib; sourceTree = "<group>"; };
		28FD14FC0DC6FC130079059D /* EAGLView.h */ = {isa = PBXFileReference; fileEncoding = 4; lastKnownFileType = sourcecode.c.h; path = EAGLView.h; sourceTree = "<group>"; };
		28FD14FD0DC6FC130079059D /* EAGLView.mm */ = {isa = PBXFileReference; fileEncoding = 4; lastKnownFileType = sourcecode.cpp.objcpp; path = EAGLView.mm; sourceTree = "<group>"; };
		28FD14FF0DC6FC520079059D /* OpenGLES.framework */ = {isa = PBXFileReference; lastKnownFileType = wrapper.framework; name = OpenGLES.framework; path = System/Library/Frameworks/OpenGLES.framework; sourceTree = SDKROOT; };
		28FD15070DC6FC5B0079059D /* QuartzCore.framework */ = {isa = PBXFileReference; lastKnownFileType = wrapper.framework; name = QuartzCore.framework; path = System/Library/Frameworks/QuartzCore.framework; sourceTree = SDKROOT; };
		29B97316FDCFA39411CA2CEA /* main.m */ = {isa = PBXFileReference; fileEncoding = 4; lastKnownFileType = sourcecode.c.objc; path = main.m; sourceTree = "<group>"; };
		32CA4F630368D1EE00C91783 /* hex-game_Prefix.pch */ = {isa = PBXFileReference; fileEncoding = 4; lastKnownFileType = sourcecode.c.h; path = "hex-game_Prefix.pch"; sourceTree = "<group>"; };
		8D1107310486CEB800E47090 /* Info.plist */ = {isa = PBXFileReference; fileEncoding = 4; lastKnownFileType = text.plist.xml; path = Info.plist; sourceTree = "<group>"; };
		E900A8F81211E96700B0F29C /* floortilemap.png */ = {isa = PBXFileReference; lastKnownFileType = image.png; name = floortilemap.png; path = Resources/floortilemap.png; sourceTree = "<group>"; };
		E901696C13538EEB003F1CFB /* actions.png */ = {isa = PBXFileReference; lastKnownFileType = image.png; name = actions.png; path = Resources/actions.png; sourceTree = "<group>"; };
		E90BFD6B121879BC00C83749 /* texmap_hex.png */ = {isa = PBXFileReference; lastKnownFileType = image.png; name = texmap_hex.png; path = Resources/texmap_hex.png; sourceTree = "<group>"; };
		E910DFD51226E89E008354C2 /* UnitModel.h */ = {isa = PBXFileReference; fileEncoding = 4; lastKnownFileType = sourcecode.c.h; path = UnitModel.h; sourceTree = "<group>"; };
		E910DFD61226E89E008354C2 /* UnitModel.mm */ = {isa = PBXFileReference; fileEncoding = 4; lastKnownFileType = sourcecode.cpp.objcpp; path = UnitModel.mm; sourceTree = "<group>"; };
		E953B2BD11710FEA00E38438 /* hero1.pvr */ = {isa = PBXFileReference; lastKnownFileType = file; name = hero1.pvr; path = Resources/hero1.pvr; sourceTree = "<group>"; };
		E953B38C1171445C00E38438 /* Texture2D.h */ = {isa = PBXFileReference; fileEncoding = 4; lastKnownFileType = sourcecode.c.h; path = Texture2D.h; sourceTree = "<group>"; };
		E953B38D1171445C00E38438 /* Texture2D.m */ = {isa = PBXFileReference; fileEncoding = 4; lastKnownFileType = sourcecode.c.objc; path = Texture2D.m; sourceTree = "<group>"; };
		E953B38F1171446D00E38438 /* hero1.png */ = {isa = PBXFileReference; lastKnownFileType = image.png; name = hero1.png; path = Resources/hero1.png; sourceTree = "<group>"; };
		E954061C1183996600CE3914 /* GameImage.mm */ = {isa = PBXFileReference; fileEncoding = 4; lastKnownFileType = sourcecode.cpp.objcpp; path = GameImage.mm; sourceTree = "<group>"; };
		E954061E1183997100CE3914 /* TextureMap.mm */ = {isa = PBXFileReference; fileEncoding = 4; lastKnownFileType = sourcecode.cpp.objcpp; path = TextureMap.mm; sourceTree = "<group>"; };
		E954062A1183A77D00CE3914 /* RobotModel.h */ = {isa = PBXFileReference; fileEncoding = 4; lastKnownFileType = sourcecode.c.h; path = RobotModel.h; sourceTree = "<group>"; };
		E954062B1183A77D00CE3914 /* RobotModel.mm */ = {isa = PBXFileReference; fileEncoding = 4; lastKnownFileType = sourcecode.cpp.objcpp; path = RobotModel.mm; sourceTree = "<group>"; };
		E98DE6561218679D0069CCBB /* HexMap.h */ = {isa = PBXFileReference; fileEncoding = 4; lastKnownFileType = sourcecode.c.h; path = HexMap.h; sourceTree = "<group>"; };
		E98DE6571218679D0069CCBB /* HexMap.mm */ = {isa = PBXFileReference; fileEncoding = 4; lastKnownFileType = sourcecode.cpp.objcpp; path = HexMap.mm; sourceTree = "<group>"; };
		E991067C115546A80038ABD7 /* InputManager.mm */ = {isa = PBXFileReference; fileEncoding = 4; lastKnownFileType = sourcecode.cpp.objcpp; path = InputManager.mm; sourceTree = "<group>"; };
		E9B558781359B3BA00E35F6E /* CentralControl.h */ = {isa = PBXFileReference; fileEncoding = 4; lastKnownFileType = sourcecode.c.h; path = CentralControl.h; sourceTree = "<group>"; };
		E9B558791359B3BA00E35F6E /* CentralControl.mm */ = {isa = PBXFileReference; fileEncoding = 4; lastKnownFileType = sourcecode.cpp.objcpp; path = CentralControl.mm; sourceTree = "<group>"; };
		E9BD7F97122AD4C60018A981 /* IRobotView.h */ = {isa = PBXFileReference; fileEncoding = 4; lastKnownFileType = sourcecode.c.h; path = IRobotView.h; sourceTree = "<group>"; };
		E9BD7FAE122AE27B0018A981 /* RobotView.h */ = {isa = PBXFileReference; fileEncoding = 4; lastKnownFileType = sourcecode.c.h; path = RobotView.h; sourceTree = "<group>"; };
		E9BD7FAF122AE27B0018A981 /* RobotView.mm */ = {isa = PBXFileReference; fileEncoding = 4; lastKnownFileType = sourcecode.cpp.objcpp; path = RobotView.mm; sourceTree = "<group>"; };
		E9C92F1513521673008CFBB2 /* TextureCatalog.h */ = {isa = PBXFileReference; fileEncoding = 4; lastKnownFileType = sourcecode.c.h; path = TextureCatalog.h; sourceTree = "<group>"; };
		E9C92F1613521673008CFBB2 /* TextureCatalog.mm */ = {isa = PBXFileReference; fileEncoding = 4; lastKnownFileType = sourcecode.cpp.objcpp; path = TextureCatalog.mm; sourceTree = "<group>"; };
		E9F5BAB513510596008B6357 /* IUnitView.h */ = {isa = PBXFileReference; fileEncoding = 4; lastKnownFileType = sourcecode.c.h; path = IUnitView.h; sourceTree = "<group>"; };
		E9F5BAB613510596008B6357 /* UnitView.h */ = {isa = PBXFileReference; fileEncoding = 4; lastKnownFileType = sourcecode.c.h; path = UnitView.h; sourceTree = "<group>"; };
		E9F5BAB713510596008B6357 /* UnitView.mm */ = {isa = PBXFileReference; fileEncoding = 4; lastKnownFileType = sourcecode.cpp.objcpp; path = UnitView.mm; sourceTree = "<group>"; };
		E9F5BB0B13511129008B6357 /* geometry.h */ = {isa = PBXFileReference; fileEncoding = 4; lastKnownFileType = sourcecode.c.h; path = geometry.h; sourceTree = "<group>"; };
		E9F5BB1013511243008B6357 /* geometry.mm */ = {isa = PBXFileReference; fileEncoding = 4; lastKnownFileType = sourcecode.cpp.objcpp; path = geometry.mm; sourceTree = "<group>"; };
		E9F5BB5F135121BF008B6357 /* Action.h */ = {isa = PBXFileReference; fileEncoding = 4; lastKnownFileType = sourcecode.c.h; path = Action.h; sourceTree = "<group>"; };
		E9F5BB60135121BF008B6357 /* Action.mm */ = {isa = PBXFileReference; fileEncoding = 4; lastKnownFileType = sourcecode.cpp.objcpp; path = Action.mm; sourceTree = "<group>"; };
		F7557E59118364D000213A0E /* InputManager.h */ = {isa = PBXFileReference; fileEncoding = 4; lastKnownFileType = sourcecode.c.h; path = InputManager.h; sourceTree = "<group>"; };
		F7557ED41183816D00213A0E /* toolkit.mm */ = {isa = PBXFileReference; fileEncoding = 4; lastKnownFileType = sourcecode.cpp.objcpp; name = toolkit.mm; path = Toolkit/toolkit.mm; sourceTree = "<group>"; };
		F7557F8211838BEF00213A0E /* toolkit.h */ = {isa = PBXFileReference; fileEncoding = 4; lastKnownFileType = sourcecode.c.h; name = toolkit.h; path = Toolkit/toolkit.h; sourceTree = "<group>"; };
		F7557FB011838E9100213A0E /* toolkit_iphone.mm */ = {isa = PBXFileReference; fileEncoding = 4; lastKnownFileType = sourcecode.cpp.objcpp; name = toolkit_iphone.mm; path = Toolkit/toolkit_iphone.mm; sourceTree = "<group>"; };
		F7557FB111838E9100213A0E /* toolkit_iphone.h */ = {isa = PBXFileReference; fileEncoding = 4; lastKnownFileType = sourcecode.c.h; name = toolkit_iphone.h; path = Toolkit/toolkit_iphone.h; sourceTree = "<group>"; };
		F760F59F11725EFD00688A01 /* GameImage.h */ = {isa = PBXFileReference; fileEncoding = 4; lastKnownFileType = sourcecode.c.h; path = GameImage.h; sourceTree = "<group>"; };
		F760F5A111725EFD00688A01 /* TextureMap.h */ = {isa = PBXFileReference; fileEncoding = 4; lastKnownFileType = sourcecode.c.h; path = TextureMap.h; sourceTree = "<group>"; };
		F760F5A911725F2B00688A01 /* texmap.png */ = {isa = PBXFileReference; lastKnownFileType = image.png; name = texmap.png; path = Resources/texmap.png; sourceTree = "<group>"; };
		F7CC8A70117A1E4A00831B04 /* TileMap.h */ = {isa = PBXFileReference; fileEncoding = 4; lastKnownFileType = sourcecode.c.h; path = TileMap.h; sourceTree = "<group>"; };
		F7CC8A71117A1E4A00831B04 /* TileMap.mm */ = {isa = PBXFileReference; fileEncoding = 4; lastKnownFileType = sourcecode.cpp.objcpp; path = TileMap.mm; sourceTree = "<group>"; };
/* End PBXFileReference section */

/* Begin PBXFrameworksBuildPhase section */
		1D60588F0D05DD3D006BFB54 /* Frameworks */ = {
			isa = PBXFrameworksBuildPhase;
			buildActionMask = 2147483647;
			files = (
				1D60589F0D05DD5A006BFB54 /* Foundation.framework in Frameworks */,
				1DF5F4E00D08C38300B7A737 /* UIKit.framework in Frameworks */,
				28FD15000DC6FC520079059D /* OpenGLES.framework in Frameworks */,
				28FD15080DC6FC5B0079059D /* QuartzCore.framework in Frameworks */,
				182D63B00F6C23A700BF1C24 /* CoreGraphics.framework in Frameworks */,
			);
			runOnlyForDeploymentPostprocessing = 0;
		};
/* End PBXFrameworksBuildPhase section */

/* Begin PBXGroup section */
		080E96DDFE201D6D7F000001 /* Classes */ = {
			isa = PBXGroup;
			children = (
				E9F5BB0B13511129008B6357 /* geometry.h */,
				E9F5BB1013511243008B6357 /* geometry.mm */,
				E9BD7FAE122AE27B0018A981 /* RobotView.h */,
				E9BD7FAF122AE27B0018A981 /* RobotView.mm */,
				E98DE6561218679D0069CCBB /* HexMap.h */,
				E98DE6571218679D0069CCBB /* HexMap.mm */,
				F7CC8A70117A1E4A00831B04 /* TileMap.h */,
				F7CC8A71117A1E4A00831B04 /* TileMap.mm */,
				F760F59F11725EFD00688A01 /* GameImage.h */,
				E954061C1183996600CE3914 /* GameImage.mm */,
				F760F5A111725EFD00688A01 /* TextureMap.h */,
				E954061E1183997100CE3914 /* TextureMap.mm */,
				E953B38C1171445C00E38438 /* Texture2D.h */,
				E953B38D1171445C00E38438 /* Texture2D.m */,
				28FD14FC0DC6FC130079059D /* EAGLView.h */,
				28FD14FD0DC6FC130079059D /* EAGLView.mm */,
				1D3623240D0F684500981E51 /* OGLGameAppDelegate.h */,
				1D3623250D0F684500981E51 /* OGLGameAppDelegate.mm */,
				F7557E59118364D000213A0E /* InputManager.h */,
				E991067C115546A80038ABD7 /* InputManager.mm */,
				E954062A1183A77D00CE3914 /* RobotModel.h */,
				E954062B1183A77D00CE3914 /* RobotModel.mm */,
				E910DFD51226E89E008354C2 /* UnitModel.h */,
				E910DFD61226E89E008354C2 /* UnitModel.mm */,
				E9BD7F97122AD4C60018A981 /* IRobotView.h */,
				E9F5BAB513510596008B6357 /* IUnitView.h */,
				E9F5BAB613510596008B6357 /* UnitView.h */,
				E9F5BAB713510596008B6357 /* UnitView.mm */,
				E9F5BB5F135121BF008B6357 /* Action.h */,
				E9F5BB60135121BF008B6357 /* Action.mm */,
				E9C92F1513521673008CFBB2 /* TextureCatalog.h */,
				E9C92F1613521673008CFBB2 /* TextureCatalog.mm */,
				E9B558781359B3BA00E35F6E /* CentralControl.h */,
				E9B558791359B3BA00E35F6E /* CentralControl.mm */,
			);
			path = Classes;
			sourceTree = "<group>";
		};
		19C28FACFE9D520D11CA2CBB /* Products */ = {
			isa = PBXGroup;
			children = (
				1D6058910D05DD3D006BFB54 /* hex-game.app */,
			);
			name = Products;
			sourceTree = "<group>";
		};
		29B97314FDCFA39411CA2CEA /* CustomTemplate */ = {
			isa = PBXGroup;
			children = (
				F7557F8311838C1100213A0E /* Toolkit */,
				080E96DDFE201D6D7F000001 /* Classes */,
				29B97315FDCFA39411CA2CEA /* Other Sources */,
				29B97317FDCFA39411CA2CEA /* Resources */,
				29B97323FDCFA39411CA2CEA /* Frameworks */,
				19C28FACFE9D520D11CA2CBB /* Products */,
			);
			name = CustomTemplate;
			sourceTree = "<group>";
		};
		29B97315FDCFA39411CA2CEA /* Other Sources */ = {
			isa = PBXGroup;
			children = (
				32CA4F630368D1EE00C91783 /* hex-game_Prefix.pch */,
				29B97316FDCFA39411CA2CEA /* main.m */,
			);
			name = "Other Sources";
			sourceTree = "<group>";
		};
		29B97317FDCFA39411CA2CEA /* Resources */ = {
			isa = PBXGroup;
			children = (
				E901696C13538EEB003F1CFB /* actions.png */,
				E90BFD6B121879BC00C83749 /* texmap_hex.png */,
				E900A8F81211E96700B0F29C /* floortilemap.png */,
				F760F5A911725F2B00688A01 /* texmap.png */,
				E953B38F1171446D00E38438 /* hero1.png */,
				E953B2BD11710FEA00E38438 /* hero1.pvr */,
				28AD733E0D9D9553002E5188 /* MainWindow.xib */,
				8D1107310486CEB800E47090 /* Info.plist */,
			);
			name = Resources;
			sourceTree = "<group>";
		};
		29B97323FDCFA39411CA2CEA /* Frameworks */ = {
			isa = PBXGroup;
			children = (
				182D63AF0F6C23A700BF1C24 /* CoreGraphics.framework */,
				28FD15070DC6FC5B0079059D /* QuartzCore.framework */,
				28FD14FF0DC6FC520079059D /* OpenGLES.framework */,
				1DF5F4DF0D08C38300B7A737 /* UIKit.framework */,
				1D30AB110D05D00D00671497 /* Foundation.framework */,
			);
			name = Frameworks;
			sourceTree = "<group>";
		};
		F7557F8311838C1100213A0E /* Toolkit */ = {
			isa = PBXGroup;
			children = (
				F7557F8211838BEF00213A0E /* toolkit.h */,
				F7557ED41183816D00213A0E /* toolkit.mm */,
				F7557FB111838E9100213A0E /* toolkit_iphone.h */,
				F7557FB011838E9100213A0E /* toolkit_iphone.mm */,
			);
			name = Toolkit;
			sourceTree = "<group>";
		};
/* End PBXGroup section */

/* Begin PBXNativeTarget section */
		1D6058900D05DD3D006BFB54 /* hex-game */ = {
			isa = PBXNativeTarget;
			buildConfigurationList = 1D6058960D05DD3E006BFB54 /* Build configuration list for PBXNativeTarget "hex-game" */;
			buildPhases = (
				1D60588D0D05DD3D006BFB54 /* Resources */,
				1D60588E0D05DD3D006BFB54 /* Sources */,
				1D60588F0D05DD3D006BFB54 /* Frameworks */,
			);
			buildRules = (
			);
			dependencies = (
			);
			name = "hex-game";
			productName = OGLGame;
			productReference = 1D6058910D05DD3D006BFB54 /* hex-game.app */;
			productType = "com.apple.product-type.application";
		};
/* End PBXNativeTarget section */

/* Begin PBXProject section */
		29B97313FDCFA39411CA2CEA /* Project object */ = {
			isa = PBXProject;
			buildConfigurationList = C01FCF4E08A954540054247B /* Build configuration list for PBXProject "hex-game" */;
			compatibilityVersion = "Xcode 3.1";
			hasScannedForEncodings = 1;
			mainGroup = 29B97314FDCFA39411CA2CEA /* CustomTemplate */;
			projectDirPath = "";
			projectRoot = "";
			targets = (
				1D6058900D05DD3D006BFB54 /* hex-game */,
			);
		};
/* End PBXProject section */

/* Begin PBXResourcesBuildPhase section */
		1D60588D0D05DD3D006BFB54 /* Resources */ = {
			isa = PBXResourcesBuildPhase;
			buildActionMask = 2147483647;
			files = (
				28AD733F0D9D9553002E5188 /* MainWindow.xib in Resources */,
				E953B2BE11710FEA00E38438 /* hero1.pvr in Resources */,
				E953B3901171446D00E38438 /* hero1.png in Resources */,
				F760F5AA11725F2B00688A01 /* texmap.png in Resources */,
				E900A8F91211E96700B0F29C /* floortilemap.png in Resources */,
				E90BFD6C121879BC00C83749 /* texmap_hex.png in Resources */,
				E901696D13538EEB003F1CFB /* actions.png in Resources */,
			);
			runOnlyForDeploymentPostprocessing = 0;
		};
/* End PBXResourcesBuildPhase section */

/* Begin PBXSourcesBuildPhase section */
		1D60588E0D05DD3D006BFB54 /* Sources */ = {
			isa = PBXSourcesBuildPhase;
			buildActionMask = 2147483647;
			files = (
				1D60589B0D05DD56006BFB54 /* main.m in Sources */,
				1D3623260D0F684500981E51 /* OGLGameAppDelegate.mm in Sources */,
				28FD14FE0DC6FC130079059D /* EAGLView.mm in Sources */,
				E991067D115546A80038ABD7 /* InputManager.mm in Sources */,
				E953B38E1171445C00E38438 /* Texture2D.m in Sources */,
				F7CC8A72117A1E4A00831B04 /* TileMap.mm in Sources */,
				F7557ED51183816D00213A0E /* toolkit.mm in Sources */,
				F7557FB211838E9100213A0E /* toolkit_iphone.mm in Sources */,
				E954061D1183996600CE3914 /* GameImage.mm in Sources */,
				E954061F1183997100CE3914 /* TextureMap.mm in Sources */,
				E954062C1183A77D00CE3914 /* RobotModel.mm in Sources */,
				E98DE6581218679D0069CCBB /* HexMap.mm in Sources */,
				E910DFD71226E89E008354C2 /* UnitModel.mm in Sources */,
				E9BD7FB0122AE27B0018A981 /* RobotView.mm in Sources */,
				E9F5BAB813510596008B6357 /* UnitView.mm in Sources */,
				E9F5BB1113511243008B6357 /* geometry.mm in Sources */,
				E9F5BB61135121BF008B6357 /* Action.mm in Sources */,
				E9C92F1713521673008CFBB2 /* TextureCatalog.mm in Sources */,
				E9B5587A1359B3BA00E35F6E /* CentralControl.mm in Sources */,
			);
			runOnlyForDeploymentPostprocessing = 0;
		};
/* End PBXSourcesBuildPhase section */

/* Begin XCBuildConfiguration section */
		1D6058940D05DD3E006BFB54 /* Debug */ = {
			isa = XCBuildConfiguration;
			buildSettings = {
				ALWAYS_SEARCH_USER_PATHS = NO;
				COPY_PHASE_STRIP = NO;
				GCC_DYNAMIC_NO_PIC = NO;
				GCC_OPTIMIZATION_LEVEL = 0;
				GCC_PRECOMPILE_PREFIX_HEADER = YES;
				GCC_PREFIX_HEADER = "hex-game_Prefix.pch";
				INFOPLIST_FILE = Info.plist;
				PRODUCT_NAME = "hex-game";
			};
			name = Debug;
		};
		1D6058950D05DD3E006BFB54 /* Release */ = {
			isa = XCBuildConfiguration;
			buildSettings = {
				ALWAYS_SEARCH_USER_PATHS = NO;
				COPY_PHASE_STRIP = YES;
				GCC_PRECOMPILE_PREFIX_HEADER = YES;
				GCC_PREFIX_HEADER = "hex-game_Prefix.pch";
				INFOPLIST_FILE = Info.plist;
				PRODUCT_NAME = "hex-game";
			};
			name = Release;
		};
		C01FCF4F08A954540054247B /* Debug */ = {
			isa = XCBuildConfiguration;
			buildSettings = {
				ARCHS = "$(ARCHS_STANDARD_32_BIT)";
				"CODE_SIGN_IDENTITY[sdk=iphoneos*]" = "iPhone Developer";
				GCC_C_LANGUAGE_STANDARD = c99;
				GCC_WARN_ABOUT_RETURN_TYPE = YES;
				GCC_WARN_UNUSED_VARIABLE = YES;
				ONLY_ACTIVE_ARCH = YES;
				PREBINDING = NO;
				SDKROOT = iphoneos2.2;
			};
			name = Debug;
		};
		C01FCF5008A954540054247B /* Release */ = {
			isa = XCBuildConfiguration;
			buildSettings = {
				ARCHS = "$(ARCHS_STANDARD_32_BIT)";
				"CODE_SIGN_IDENTITY[sdk=iphoneos*]" = "iPhone Developer";
				GCC_C_LANGUAGE_STANDARD = c99;
				GCC_WARN_ABOUT_RETURN_TYPE = YES;
				GCC_WARN_UNUSED_VARIABLE = YES;
				PREBINDING = NO;
				SDKROOT = iphoneos2.2;
			};
			name = Release;
		};
/* End XCBuildConfiguration section */

/* Begin XCConfigurationList section */
		1D6058960D05DD3E006BFB54 /* Build configuration list for PBXNativeTarget "hex-game" */ = {
			isa = XCConfigurationList;
			buildConfigurations = (
				1D6058940D05DD3E006BFB54 /* Debug */,
				1D6058950D05DD3E006BFB54 /* Release */,
			);
			defaultConfigurationIsVisible = 0;
			defaultConfigurationName = Release;
		};
		C01FCF4E08A954540054247B /* Build configuration list for PBXProject "hex-game" */ = {
			isa = XCConfigurationList;
			buildConfigurations = (
				C01FCF4F08A954540054247B /* Debug */,
				C01FCF5008A954540054247B /* Release */,
			);
			defaultConfigurationIsVisible = 0;
			defaultConfigurationName = Release;
		};
/* End XCConfigurationList section */
	};
	rootObject = 29B97313FDCFA39411CA2CEA /* Project object */;
}
